
Microsoft Visual Studio Solution File, Format Version 12.00
# Visual Studio Version 16
VisualStudioVersion = 16.0.30011.22
MinimumVisualStudioVersion = 10.0.40219.1
Project("{FAE04EC0-301F-11D3-BF4B-00C04F79EFBC}") = "NunitFramework", "NunitFramework\NunitFramework.csproj", "{EDA1594F-5D6A-4401-97FC-88A57E49DECE}"
EndProject
Global
	GlobalSection(SolutionConfigurationPlatforms) = preSolution
		Debug|Any CPU = Debug|Any CPU
		Release|Any CPU = Release|Any CPU
	EndGlobalSection
	GlobalSection(ProjectConfigurationPlatforms) = postSolution
		{EDA1594F-5D6A-4401-97FC-88A57E49DECE}.Debug|Any CPU.ActiveCfg = Debug|Any CPU
		{EDA1594F-5D6A-4401-97FC-88A57E49DECE}.Debug|Any CPU.Build.0 = Debug|Any CPU
		{EDA1594F-5D6A-4401-97FC-88A57E49DECE}.Release|Any CPU.ActiveCfg = Release|Any CPU
		{EDA1594F-5D6A-4401-97FC-88A57E49DECE}.Release|Any CPU.Build.0 = Release|Any CPU
	EndGlobalSection
	GlobalSection(SolutionProperties) = preSolution
		HideSolutionNode = FALSE
	EndGlobalSection
	GlobalSection(ExtensibilityGlobals) = postSolution
		SolutionGuid = {83E8D576-9B4F-4FE5-932C-7E4A0B72865A}
	EndGlobalSection
EndGlobal
